// !$*UTF8*$!
{
	archiveVersion = 1;
	classes = {
	};
	objectVersion = 50;
	objects = {

/* Begin PBXBuildFile section */
		1A7FA0B09A8667783B0396F5 /* libPods-HungryNowTests.a in Frameworks */ = {isa = PBXBuildFile; fileRef = D9CE0D0513F51A654632A8B2 /* libPods-HungryNowTests.a */; };
		280C3D0C246A443800887B0A /* MapView.swift in Sources */ = {isa = PBXBuildFile; fileRef = 28ED21202468EC7B00511692 /* MapView.swift */; };
		28130815246719320057B9A6 /* CustomFont.swift in Sources */ = {isa = PBXBuildFile; fileRef = 28130814246719320057B9A6 /* CustomFont.swift */; };
		2813081724672A2E0057B9A6 /* PopSheet.swift in Sources */ = {isa = PBXBuildFile; fileRef = 2813081624672A2E0057B9A6 /* PopSheet.swift */; };
		2820716F2443CA5900174DEF /* ImageWidgetView.swift in Sources */ = {isa = PBXBuildFile; fileRef = 2820716E2443CA5900174DEF /* ImageWidgetView.swift */; };
		2820B229246A5B0F009A6796 /* YelpLogo.swift in Sources */ = {isa = PBXBuildFile; fileRef = 2820B228246A5B0F009A6796 /* YelpLogo.swift */; };
		28242B8E244D2AE400EB109B /* SavedRestaurantViewModel.swift in Sources */ = {isa = PBXBuildFile; fileRef = 28242B8D244D2AE400EB109B /* SavedRestaurantViewModel.swift */; };
		28262CC32466541B0092F365 /* RestaurantRow.swift in Sources */ = {isa = PBXBuildFile; fileRef = 28262CC22466541B0092F365 /* RestaurantRow.swift */; };
		282CBAB3245265F300C35F4A /* SavedDetailView.swift in Sources */ = {isa = PBXBuildFile; fileRef = 282CBAB2245265F300C35F4A /* SavedDetailView.swift */; };
		282E4E6D24462A9700901D1B /* HungryNowTests.swift in Sources */ = {isa = PBXBuildFile; fileRef = 282E4E6C24462A9700901D1B /* HungryNowTests.swift */; };
		282E4E6F24464F5600901D1B /* YelpAPITests.swift in Sources */ = {isa = PBXBuildFile; fileRef = 282E4E6E24464F5600901D1B /* YelpAPITests.swift */; };
		282E4E712446604C00901D1B /* DurationPickerView.swift in Sources */ = {isa = PBXBuildFile; fileRef = 282E4E702446604C00901D1B /* DurationPickerView.swift */; };
		2832997B246E5B0F00C40C1D /* UIWindowExtension.swift in Sources */ = {isa = PBXBuildFile; fileRef = 2832997A246E5B0F00C40C1D /* UIWindowExtension.swift */; };
		2833D6DC24550F1200B4207C /* SavedDetailAddView.swift in Sources */ = {isa = PBXBuildFile; fileRef = 2833D6DB24550F1200B4207C /* SavedDetailAddView.swift */; };
		2833D6DE2455107300B4207C /* HungryNowManager.swift in Sources */ = {isa = PBXBuildFile; fileRef = 2833D6DD2455107300B4207C /* HungryNowManager.swift */; };
		2833D6E124553E4A00B4207C /* NotificationErrors.swift in Sources */ = {isa = PBXBuildFile; fileRef = 2833D6E024553E4A00B4207C /* NotificationErrors.swift */; };
		2833D6E324553E5700B4207C /* Notifications.swift in Sources */ = {isa = PBXBuildFile; fileRef = 2833D6E224553E5700B4207C /* Notifications.swift */; };
		284A1F94246A11D400741E8A /* YelpAPIBootstrap.swift in Sources */ = {isa = PBXBuildFile; fileRef = 284A1F93246A11D400741E8A /* YelpAPIBootstrap.swift */; };
		284C39C724632DD60024EE3B /* ViewExtension.swift in Sources */ = {isa = PBXBuildFile; fileRef = 284C39C624632DD60024EE3B /* ViewExtension.swift */; };
		284C39CA24632EC10024EE3B /* SavedViewButtons.swift in Sources */ = {isa = PBXBuildFile; fileRef = 284C39C924632EC10024EE3B /* SavedViewButtons.swift */; };
		284C39D2246348920024EE3B /* Chivo-Regular.otf in Resources */ = {isa = PBXBuildFile; fileRef = 284C39D1246348920024EE3B /* Chivo-Regular.otf */; };
		2854EA6E244B975900ADC239 /* SavedView.swift in Sources */ = {isa = PBXBuildFile; fileRef = 2854EA6D244B975900ADC239 /* SavedView.swift */; };
		2854EA75244BE87B00ADC239 /* SavedRestaurant.xcdatamodeld in Sources */ = {isa = PBXBuildFile; fileRef = 2854EA73244BE87B00ADC239 /* SavedRestaurant.xcdatamodeld */; };
		285DBA7424648F84009DEA66 /* Buttons.swift in Sources */ = {isa = PBXBuildFile; fileRef = 285DBA7324648F84009DEA66 /* Buttons.swift */; };
		286933B624689A0100B34683 /* RestaurantAnnotation.swift in Sources */ = {isa = PBXBuildFile; fileRef = 286933B524689A0100B34683 /* RestaurantAnnotation.swift */; };
		286F97C424423AFB00BC2DED /* SearchView.swift in Sources */ = {isa = PBXBuildFile; fileRef = 286F97C324423AFB00BC2DED /* SearchView.swift */; };
		286F97C624423C2800BC2DED /* SearchViewController.swift in Sources */ = {isa = PBXBuildFile; fileRef = 286F97C524423C2800BC2DED /* SearchViewController.swift */; };
		2874D501244D0264004DC4B7 /* CoreDataManager.swift in Sources */ = {isa = PBXBuildFile; fileRef = 2874D500244D0264004DC4B7 /* CoreDataManager.swift */; };
		28758A1B243FD448007F6CCA /* AppDelegate.swift in Sources */ = {isa = PBXBuildFile; fileRef = 28758A1A243FD448007F6CCA /* AppDelegate.swift */; };
		28758A1D243FD448007F6CCA /* SavedVC.swift in Sources */ = {isa = PBXBuildFile; fileRef = 28758A1C243FD448007F6CCA /* SavedVC.swift */; };
		28758A20243FD448007F6CCA /* Main.storyboard in Resources */ = {isa = PBXBuildFile; fileRef = 28758A1E243FD448007F6CCA /* Main.storyboard */; };
		28758A22243FD449007F6CCA /* Assets.xcassets in Resources */ = {isa = PBXBuildFile; fileRef = 28758A21243FD449007F6CCA /* Assets.xcassets */; };
		28758A25243FD449007F6CCA /* LaunchScreen.storyboard in Resources */ = {isa = PBXBuildFile; fileRef = 28758A23243FD449007F6CCA /* LaunchScreen.storyboard */; };
		28758A3B243FD449007F6CCA /* HungryNowUITests.swift in Sources */ = {isa = PBXBuildFile; fileRef = 28758A3A243FD449007F6CCA /* HungryNowUITests.swift */; };
		28758A4B243FD53A007F6CCA /* YelpAPI.swift in Sources */ = {isa = PBXBuildFile; fileRef = 28758A4A243FD53A007F6CCA /* YelpAPI.swift */; };
		28758A4D243FD716007F6CCA /* Restaurant.swift in Sources */ = {isa = PBXBuildFile; fileRef = 28758A4C243FD716007F6CCA /* Restaurant.swift */; };
		28758A4F243FDDDC007F6CCA /* YelpAPIErrors.swift in Sources */ = {isa = PBXBuildFile; fileRef = 28758A4E243FDDDC007F6CCA /* YelpAPIErrors.swift */; };
		28758A53243FE96E007F6CCA /* SearchTransitionVC.swift in Sources */ = {isa = PBXBuildFile; fileRef = 28758A52243FE96E007F6CCA /* SearchTransitionVC.swift */; };
		28758A56243FF0BB007F6CCA /* Search.storyboard in Resources */ = {isa = PBXBuildFile; fileRef = 28758A55243FF0BB007F6CCA /* Search.storyboard */; };
		28758A58243FF0CE007F6CCA /* Tutorial.storyboard in Resources */ = {isa = PBXBuildFile; fileRef = 28758A57243FF0CE007F6CCA /* Tutorial.storyboard */; };
		2880EBE22447AA7A000BBA4F /* NotificationManager.swift in Sources */ = {isa = PBXBuildFile; fileRef = 2880EBE12447AA7A000BBA4F /* NotificationManager.swift */; };
		2886028A246E518600047626 /* TutorialView.swift in Sources */ = {isa = PBXBuildFile; fileRef = 28860289246E518600047626 /* TutorialView.swift */; };
		2886028D246E528500047626 /* PageView.swift in Sources */ = {isa = PBXBuildFile; fileRef = 2886028C246E528500047626 /* PageView.swift */; };
		289FEFEF245B2F8500A9EC41 /* Alerts.swift in Sources */ = {isa = PBXBuildFile; fileRef = 289FEFEE245B2F8500A9EC41 /* Alerts.swift */; };
		28A97839244241A5007BF823 /* RestaurantListViewModel.swift in Sources */ = {isa = PBXBuildFile; fileRef = 28A97838244241A5007BF823 /* RestaurantListViewModel.swift */; };
		28A9783B24424FEA007BF823 /* SearchBar.swift in Sources */ = {isa = PBXBuildFile; fileRef = 28A9783A24424FEA007BF823 /* SearchBar.swift */; };
		28A9784024427319007BF823 /* LocationManager.swift in Sources */ = {isa = PBXBuildFile; fileRef = 28A9783F24427319007BF823 /* LocationManager.swift */; };
		28A9784424429FDB007BF823 /* ImageLoader.swift in Sources */ = {isa = PBXBuildFile; fileRef = 28A9784324429FDB007BF823 /* ImageLoader.swift */; };
		28BC88DA2469B63F0081C227 /* ContestedLocation.swift in Sources */ = {isa = PBXBuildFile; fileRef = 28BC88D92469B63F0081C227 /* ContestedLocation.swift */; };
		28C190512444FB6E001119E5 /* SearchAddView.swift in Sources */ = {isa = PBXBuildFile; fileRef = 28C190502444FB6E001119E5 /* SearchAddView.swift */; };
		28C19053244518D8001119E5 /* Hours.swift in Sources */ = {isa = PBXBuildFile; fileRef = 28C19052244518D8001119E5 /* Hours.swift */; };
		28C1E4CB245BB5BA001A10EE /* LoadingView.swift in Sources */ = {isa = PBXBuildFile; fileRef = 28C1E4CA245BB5BA001A10EE /* LoadingView.swift */; };
		28DB62BB244B63FC0051371A /* NotificationTests.swift in Sources */ = {isa = PBXBuildFile; fileRef = 28DB62BA244B63FC0051371A /* NotificationTests.swift */; };
		28ED211F2468EC0C00511692 /* MapViewController.swift in Sources */ = {isa = PBXBuildFile; fileRef = 28ED211E2468EC0C00511692 /* MapViewController.swift */; };
		28FE53312464FD1C007E8338 /* AddNotificationView.swift in Sources */ = {isa = PBXBuildFile; fileRef = 28FE53302464FD1C007E8338 /* AddNotificationView.swift */; };
		6FAFCA7948490E154143C8AF /* libPods-HungryNow.a in Frameworks */ = {isa = PBXBuildFile; fileRef = 4721BAD3E589F894BA51B91A /* libPods-HungryNow.a */; };
		9343E5297357F924C45F9D54 /* libPods-HungryNowUITests.a in Frameworks */ = {isa = PBXBuildFile; fileRef = 16BC6CACA844B74B8BE3A28D /* libPods-HungryNowUITests.a */; };
/* End PBXBuildFile section */

/* Begin PBXContainerItemProxy section */
		28758A2C243FD449007F6CCA /* PBXContainerItemProxy */ = {
			isa = PBXContainerItemProxy;
			containerPortal = 28758A0F243FD448007F6CCA /* Project object */;
			proxyType = 1;
			remoteGlobalIDString = 28758A16243FD448007F6CCA;
			remoteInfo = HungryNow;
		};
		28758A37243FD449007F6CCA /* PBXContainerItemProxy */ = {
			isa = PBXContainerItemProxy;
			containerPortal = 28758A0F243FD448007F6CCA /* Project object */;
			proxyType = 1;
			remoteGlobalIDString = 28758A16243FD448007F6CCA;
			remoteInfo = HungryNow;
		};
/* End PBXContainerItemProxy section */

/* Begin PBXFileReference section */
		16BC6CACA844B74B8BE3A28D /* libPods-HungryNowUITests.a */ = {isa = PBXFileReference; explicitFileType = archive.ar; includeInIndex = 0; path = "libPods-HungryNowUITests.a"; sourceTree = BUILT_PRODUCTS_DIR; };
		188184C43F39B9A27C556E70 /* Pods-HungryNowUITests.release.xcconfig */ = {isa = PBXFileReference; includeInIndex = 1; lastKnownFileType = text.xcconfig; name = "Pods-HungryNowUITests.release.xcconfig"; path = "Target Support Files/Pods-HungryNowUITests/Pods-HungryNowUITests.release.xcconfig"; sourceTree = "<group>"; };
		28130814246719320057B9A6 /* CustomFont.swift */ = {isa = PBXFileReference; lastKnownFileType = sourcecode.swift; path = CustomFont.swift; sourceTree = "<group>"; };
		2813081624672A2E0057B9A6 /* PopSheet.swift */ = {isa = PBXFileReference; lastKnownFileType = sourcecode.swift; path = PopSheet.swift; sourceTree = "<group>"; };
		2820716E2443CA5900174DEF /* ImageWidgetView.swift */ = {isa = PBXFileReference; lastKnownFileType = sourcecode.swift; path = ImageWidgetView.swift; sourceTree = "<group>"; };
		2820B228246A5B0F009A6796 /* YelpLogo.swift */ = {isa = PBXFileReference; lastKnownFileType = sourcecode.swift; path = YelpLogo.swift; sourceTree = "<group>"; };
		28242B8D244D2AE400EB109B /* SavedRestaurantViewModel.swift */ = {isa = PBXFileReference; lastKnownFileType = sourcecode.swift; path = SavedRestaurantViewModel.swift; sourceTree = "<group>"; };
		28262CC22466541B0092F365 /* RestaurantRow.swift */ = {isa = PBXFileReference; lastKnownFileType = sourcecode.swift; path = RestaurantRow.swift; sourceTree = "<group>"; };
		282CBAB2245265F300C35F4A /* SavedDetailView.swift */ = {isa = PBXFileReference; lastKnownFileType = sourcecode.swift; path = SavedDetailView.swift; sourceTree = "<group>"; };
		282E4E6B24462A9700901D1B /* HungryNowTests-Bridging-Header.h */ = {isa = PBXFileReference; lastKnownFileType = sourcecode.c.h; path = "HungryNowTests-Bridging-Header.h"; sourceTree = "<group>"; };
		282E4E6C24462A9700901D1B /* HungryNowTests.swift */ = {isa = PBXFileReference; lastKnownFileType = sourcecode.swift; path = HungryNowTests.swift; sourceTree = "<group>"; };
		282E4E6E24464F5600901D1B /* YelpAPITests.swift */ = {isa = PBXFileReference; lastKnownFileType = sourcecode.swift; path = YelpAPITests.swift; sourceTree = "<group>"; };
		282E4E702446604C00901D1B /* DurationPickerView.swift */ = {isa = PBXFileReference; lastKnownFileType = sourcecode.swift; path = DurationPickerView.swift; sourceTree = "<group>"; };
		2832997A246E5B0F00C40C1D /* UIWindowExtension.swift */ = {isa = PBXFileReference; lastKnownFileType = sourcecode.swift; path = UIWindowExtension.swift; sourceTree = "<group>"; };
		2833D6DB24550F1200B4207C /* SavedDetailAddView.swift */ = {isa = PBXFileReference; lastKnownFileType = sourcecode.swift; path = SavedDetailAddView.swift; sourceTree = "<group>"; };
		2833D6DD2455107300B4207C /* HungryNowManager.swift */ = {isa = PBXFileReference; lastKnownFileType = sourcecode.swift; path = HungryNowManager.swift; sourceTree = "<group>"; };
		2833D6E024553E4A00B4207C /* NotificationErrors.swift */ = {isa = PBXFileReference; lastKnownFileType = sourcecode.swift; path = NotificationErrors.swift; sourceTree = "<group>"; };
		2833D6E224553E5700B4207C /* Notifications.swift */ = {isa = PBXFileReference; lastKnownFileType = sourcecode.swift; path = Notifications.swift; sourceTree = "<group>"; };
		284A1F93246A11D400741E8A /* YelpAPIBootstrap.swift */ = {isa = PBXFileReference; lastKnownFileType = sourcecode.swift; path = YelpAPIBootstrap.swift; sourceTree = "<group>"; };
		284C39C624632DD60024EE3B /* ViewExtension.swift */ = {isa = PBXFileReference; lastKnownFileType = sourcecode.swift; path = ViewExtension.swift; sourceTree = "<group>"; };
		284C39C924632EC10024EE3B /* SavedViewButtons.swift */ = {isa = PBXFileReference; lastKnownFileType = sourcecode.swift; path = SavedViewButtons.swift; sourceTree = "<group>"; };
		284C39D1246348920024EE3B /* Chivo-Regular.otf */ = {isa = PBXFileReference; lastKnownFileType = file; path = "Chivo-Regular.otf"; sourceTree = "<group>"; };
		2854EA6D244B975900ADC239 /* SavedView.swift */ = {isa = PBXFileReference; lastKnownFileType = sourcecode.swift; path = SavedView.swift; sourceTree = "<group>"; };
		2854EA74244BE87B00ADC239 /* FavoriteRestaurant.xcdatamodel */ = {isa = PBXFileReference; lastKnownFileType = wrapper.xcdatamodel; path = FavoriteRestaurant.xcdatamodel; sourceTree = "<group>"; };
		285DBA7324648F84009DEA66 /* Buttons.swift */ = {isa = PBXFileReference; lastKnownFileType = sourcecode.swift; path = Buttons.swift; sourceTree = "<group>"; };
		286933B524689A0100B34683 /* RestaurantAnnotation.swift */ = {isa = PBXFileReference; lastKnownFileType = sourcecode.swift; path = RestaurantAnnotation.swift; sourceTree = "<group>"; };
		286F97C324423AFB00BC2DED /* SearchView.swift */ = {isa = PBXFileReference; lastKnownFileType = sourcecode.swift; path = SearchView.swift; sourceTree = "<group>"; };
		286F97C524423C2800BC2DED /* SearchViewController.swift */ = {isa = PBXFileReference; lastKnownFileType = sourcecode.swift; path = SearchViewController.swift; sourceTree = "<group>"; };
		2874D500244D0264004DC4B7 /* CoreDataManager.swift */ = {isa = PBXFileReference; lastKnownFileType = sourcecode.swift; path = CoreDataManager.swift; sourceTree = "<group>"; };
		28758A17243FD448007F6CCA /* HungryNow.app */ = {isa = PBXFileReference; explicitFileType = wrapper.application; includeInIndex = 0; path = HungryNow.app; sourceTree = BUILT_PRODUCTS_DIR; };
		28758A1A243FD448007F6CCA /* AppDelegate.swift */ = {isa = PBXFileReference; lastKnownFileType = sourcecode.swift; path = AppDelegate.swift; sourceTree = "<group>"; };
		28758A1C243FD448007F6CCA /* SavedVC.swift */ = {isa = PBXFileReference; lastKnownFileType = sourcecode.swift; path = SavedVC.swift; sourceTree = "<group>"; };
		28758A1F243FD448007F6CCA /* Base */ = {isa = PBXFileReference; lastKnownFileType = file.storyboard; name = Base; path = Base.lproj/Main.storyboard; sourceTree = "<group>"; };
		28758A21243FD449007F6CCA /* Assets.xcassets */ = {isa = PBXFileReference; lastKnownFileType = folder.assetcatalog; path = Assets.xcassets; sourceTree = "<group>"; };
		28758A24243FD449007F6CCA /* Base */ = {isa = PBXFileReference; lastKnownFileType = file.storyboard; name = Base; path = Base.lproj/LaunchScreen.storyboard; sourceTree = "<group>"; };
		28758A26243FD449007F6CCA /* Info.plist */ = {isa = PBXFileReference; lastKnownFileType = text.plist.xml; path = Info.plist; sourceTree = "<group>"; };
		28758A2B243FD449007F6CCA /* HungryNowTests.xctest */ = {isa = PBXFileReference; explicitFileType = wrapper.cfbundle; includeInIndex = 0; path = HungryNowTests.xctest; sourceTree = BUILT_PRODUCTS_DIR; };
		28758A31243FD449007F6CCA /* Info.plist */ = {isa = PBXFileReference; lastKnownFileType = text.plist.xml; path = Info.plist; sourceTree = "<group>"; };
		28758A36243FD449007F6CCA /* HungryNowUITests.xctest */ = {isa = PBXFileReference; explicitFileType = wrapper.cfbundle; includeInIndex = 0; path = HungryNowUITests.xctest; sourceTree = BUILT_PRODUCTS_DIR; };
		28758A3A243FD449007F6CCA /* HungryNowUITests.swift */ = {isa = PBXFileReference; lastKnownFileType = sourcecode.swift; path = HungryNowUITests.swift; sourceTree = "<group>"; };
		28758A3C243FD449007F6CCA /* Info.plist */ = {isa = PBXFileReference; lastKnownFileType = text.plist.xml; path = Info.plist; sourceTree = "<group>"; };
		28758A4A243FD53A007F6CCA /* YelpAPI.swift */ = {isa = PBXFileReference; lastKnownFileType = sourcecode.swift; path = YelpAPI.swift; sourceTree = "<group>"; };
		28758A4C243FD716007F6CCA /* Restaurant.swift */ = {isa = PBXFileReference; lastKnownFileType = sourcecode.swift; path = Restaurant.swift; sourceTree = "<group>"; };
		28758A4E243FDDDC007F6CCA /* YelpAPIErrors.swift */ = {isa = PBXFileReference; lastKnownFileType = sourcecode.swift; path = YelpAPIErrors.swift; sourceTree = "<group>"; };
		28758A52243FE96E007F6CCA /* SearchTransitionVC.swift */ = {isa = PBXFileReference; lastKnownFileType = sourcecode.swift; path = SearchTransitionVC.swift; sourceTree = "<group>"; };
		28758A55243FF0BB007F6CCA /* Search.storyboard */ = {isa = PBXFileReference; lastKnownFileType = file.storyboard; path = Search.storyboard; sourceTree = "<group>"; };
		28758A57243FF0CE007F6CCA /* Tutorial.storyboard */ = {isa = PBXFileReference; lastKnownFileType = file.storyboard; path = Tutorial.storyboard; sourceTree = "<group>"; };
		2880EBE12447AA7A000BBA4F /* NotificationManager.swift */ = {isa = PBXFileReference; lastKnownFileType = sourcecode.swift; path = NotificationManager.swift; sourceTree = "<group>"; };
		28860289246E518600047626 /* TutorialView.swift */ = {isa = PBXFileReference; lastKnownFileType = sourcecode.swift; path = TutorialView.swift; sourceTree = "<group>"; };
		2886028C246E528500047626 /* PageView.swift */ = {isa = PBXFileReference; lastKnownFileType = sourcecode.swift; path = PageView.swift; sourceTree = "<group>"; };
		28960E7224412CA8006F0AB6 /* CurlCommands.sh */ = {isa = PBXFileReference; lastKnownFileType = text.script.sh; path = CurlCommands.sh; sourceTree = "<group>"; };
		289FEFEE245B2F8500A9EC41 /* Alerts.swift */ = {isa = PBXFileReference; lastKnownFileType = sourcecode.swift; path = Alerts.swift; sourceTree = "<group>"; };
		28A97838244241A5007BF823 /* RestaurantListViewModel.swift */ = {isa = PBXFileReference; lastKnownFileType = sourcecode.swift; path = RestaurantListViewModel.swift; sourceTree = "<group>"; };
		28A9783A24424FEA007BF823 /* SearchBar.swift */ = {isa = PBXFileReference; lastKnownFileType = sourcecode.swift; path = SearchBar.swift; sourceTree = "<group>"; };
		28A9783F24427319007BF823 /* LocationManager.swift */ = {isa = PBXFileReference; lastKnownFileType = sourcecode.swift; path = LocationManager.swift; sourceTree = "<group>"; };
		28A9784324429FDB007BF823 /* ImageLoader.swift */ = {isa = PBXFileReference; lastKnownFileType = sourcecode.swift; path = ImageLoader.swift; sourceTree = "<group>"; };
		28BC88D92469B63F0081C227 /* ContestedLocation.swift */ = {isa = PBXFileReference; lastKnownFileType = sourcecode.swift; path = ContestedLocation.swift; sourceTree = "<group>"; };
		28C190502444FB6E001119E5 /* SearchAddView.swift */ = {isa = PBXFileReference; lastKnownFileType = sourcecode.swift; path = SearchAddView.swift; sourceTree = "<group>"; };
		28C19052244518D8001119E5 /* Hours.swift */ = {isa = PBXFileReference; lastKnownFileType = sourcecode.swift; path = Hours.swift; sourceTree = "<group>"; };
		28C1E4CA245BB5BA001A10EE /* LoadingView.swift */ = {isa = PBXFileReference; lastKnownFileType = sourcecode.swift; path = LoadingView.swift; sourceTree = "<group>"; };
		28DB62BA244B63FC0051371A /* NotificationTests.swift */ = {isa = PBXFileReference; lastKnownFileType = sourcecode.swift; path = NotificationTests.swift; sourceTree = "<group>"; };
		28ED211E2468EC0C00511692 /* MapViewController.swift */ = {isa = PBXFileReference; lastKnownFileType = sourcecode.swift; path = MapViewController.swift; sourceTree = "<group>"; };
		28ED21202468EC7B00511692 /* MapView.swift */ = {isa = PBXFileReference; lastKnownFileType = sourcecode.swift; path = MapView.swift; sourceTree = "<group>"; };
		28FE53302464FD1C007E8338 /* AddNotificationView.swift */ = {isa = PBXFileReference; lastKnownFileType = sourcecode.swift; path = AddNotificationView.swift; sourceTree = "<group>"; };
		3D9BD93922F087EEC69A8349 /* Pods-HungryNow.debug.xcconfig */ = {isa = PBXFileReference; includeInIndex = 1; lastKnownFileType = text.xcconfig; name = "Pods-HungryNow.debug.xcconfig"; path = "Target Support Files/Pods-HungryNow/Pods-HungryNow.debug.xcconfig"; sourceTree = "<group>"; };
		4721BAD3E589F894BA51B91A /* libPods-HungryNow.a */ = {isa = PBXFileReference; explicitFileType = archive.ar; includeInIndex = 0; path = "libPods-HungryNow.a"; sourceTree = BUILT_PRODUCTS_DIR; };
		5B76F9046C173A889AE97D99 /* Pods-HungryNowTests.debug.xcconfig */ = {isa = PBXFileReference; includeInIndex = 1; lastKnownFileType = text.xcconfig; name = "Pods-HungryNowTests.debug.xcconfig"; path = "Target Support Files/Pods-HungryNowTests/Pods-HungryNowTests.debug.xcconfig"; sourceTree = "<group>"; };
		9B738717C9A1EFB42C17FEDB /* Pods-HungryNowUITests.debug.xcconfig */ = {isa = PBXFileReference; includeInIndex = 1; lastKnownFileType = text.xcconfig; name = "Pods-HungryNowUITests.debug.xcconfig"; path = "Target Support Files/Pods-HungryNowUITests/Pods-HungryNowUITests.debug.xcconfig"; sourceTree = "<group>"; };
		B8EE94CE9C206F0F8C825F35 /* Pods-HungryNowTests.release.xcconfig */ = {isa = PBXFileReference; includeInIndex = 1; lastKnownFileType = text.xcconfig; name = "Pods-HungryNowTests.release.xcconfig"; path = "Target Support Files/Pods-HungryNowTests/Pods-HungryNowTests.release.xcconfig"; sourceTree = "<group>"; };
		CC0F0B53D72105CD577D82FE /* Pods-HungryNow.release.xcconfig */ = {isa = PBXFileReference; includeInIndex = 1; lastKnownFileType = text.xcconfig; name = "Pods-HungryNow.release.xcconfig"; path = "Target Support Files/Pods-HungryNow/Pods-HungryNow.release.xcconfig"; sourceTree = "<group>"; };
		D9CE0D0513F51A654632A8B2 /* libPods-HungryNowTests.a */ = {isa = PBXFileReference; explicitFileType = archive.ar; includeInIndex = 0; path = "libPods-HungryNowTests.a"; sourceTree = BUILT_PRODUCTS_DIR; };
/* End PBXFileReference section */

/* Begin PBXFrameworksBuildPhase section */
		28758A14243FD448007F6CCA /* Frameworks */ = {
			isa = PBXFrameworksBuildPhase;
			buildActionMask = 2147483647;
			files = (
				6FAFCA7948490E154143C8AF /* libPods-HungryNow.a in Frameworks */,
			);
			runOnlyForDeploymentPostprocessing = 0;
		};
		28758A28243FD449007F6CCA /* Frameworks */ = {
			isa = PBXFrameworksBuildPhase;
			buildActionMask = 2147483647;
			files = (
				1A7FA0B09A8667783B0396F5 /* libPods-HungryNowTests.a in Frameworks */,
			);
			runOnlyForDeploymentPostprocessing = 0;
		};
		28758A33243FD449007F6CCA /* Frameworks */ = {
			isa = PBXFrameworksBuildPhase;
			buildActionMask = 2147483647;
			files = (
				9343E5297357F924C45F9D54 /* libPods-HungryNowUITests.a in Frameworks */,
			);
			runOnlyForDeploymentPostprocessing = 0;
		};
/* End PBXFrameworksBuildPhase section */

/* Begin PBXGroup section */
		122A04699A0949D2E2EBF6AA /* Pods */ = {
			isa = PBXGroup;
			children = (
				3D9BD93922F087EEC69A8349 /* Pods-HungryNow.debug.xcconfig */,
				CC0F0B53D72105CD577D82FE /* Pods-HungryNow.release.xcconfig */,
				5B76F9046C173A889AE97D99 /* Pods-HungryNowTests.debug.xcconfig */,
				B8EE94CE9C206F0F8C825F35 /* Pods-HungryNowTests.release.xcconfig */,
				9B738717C9A1EFB42C17FEDB /* Pods-HungryNowUITests.debug.xcconfig */,
				188184C43F39B9A27C556E70 /* Pods-HungryNowUITests.release.xcconfig */,
			);
			path = Pods;
			sourceTree = "<group>";
		};
		28242B8F244D3FA100EB109B /* ImageWidget */ = {
			isa = PBXGroup;
			children = (
				2820716E2443CA5900174DEF /* ImageWidgetView.swift */,
				28A9784324429FDB007BF823 /* ImageLoader.swift */,
			);
			path = ImageWidget;
			sourceTree = "<group>";
		};
		2833D6DF24553E3200B4207C /* Notifications */ = {
			isa = PBXGroup;
			children = (
				2880EBE12447AA7A000BBA4F /* NotificationManager.swift */,
				2833D6E024553E4A00B4207C /* NotificationErrors.swift */,
				2833D6E224553E5700B4207C /* Notifications.swift */,
			);
			path = Notifications;
			sourceTree = "<group>";
		};
		283CCC2E244FDBA700EDF9E3 /* CoreData */ = {
			isa = PBXGroup;
			children = (
				2874D500244D0264004DC4B7 /* CoreDataManager.swift */,
				2854EA73244BE87B00ADC239 /* SavedRestaurant.xcdatamodeld */,
			);
			path = CoreData;
			sourceTree = "<group>";
		};
		284C39C824632EA10024EE3B /* MainViews */ = {
			isa = PBXGroup;
			children = (
				2854EA6D244B975900ADC239 /* SavedView.swift */,
				282CBAB2245265F300C35F4A /* SavedDetailView.swift */,
				2833D6DB24550F1200B4207C /* SavedDetailAddView.swift */,
			);
			path = MainViews;
			sourceTree = "<group>";
		};
		284C39CB24633EFE0024EE3B /* Components */ = {
			isa = PBXGroup;
			children = (
				284C39C924632EC10024EE3B /* SavedViewButtons.swift */,
			);
			path = Components;
			sourceTree = "<group>";
		};
		2854EA6C244B974400ADC239 /* Saved Restaurant */ = {
			isa = PBXGroup;
			children = (
				28758A1C243FD448007F6CCA /* SavedVC.swift */,
				28ED212224690C1F00511692 /* ViewModels */,
				2854EA6F244B975D00ADC239 /* Views */,
			);
			path = "Saved Restaurant";
			sourceTree = "<group>";
		};
		2854EA6F244B975D00ADC239 /* Views */ = {
			isa = PBXGroup;
			children = (
				284C39CB24633EFE0024EE3B /* Components */,
				284C39C824632EA10024EE3B /* MainViews */,
				284C39C624632DD60024EE3B /* ViewExtension.swift */,
			);
			path = Views;
			sourceTree = "<group>";
		};
		286933B4246890D300B34683 /* Map */ = {
			isa = PBXGroup;
			children = (
				286933B724689A0400B34683 /* Classes */,
				28ED21202468EC7B00511692 /* MapView.swift */,
				28ED211E2468EC0C00511692 /* MapViewController.swift */,
			);
			path = Map;
			sourceTree = "<group>";
		};
		286933B724689A0400B34683 /* Classes */ = {
			isa = PBXGroup;
			children = (
				286933B524689A0100B34683 /* RestaurantAnnotation.swift */,
				28BC88D92469B63F0081C227 /* ContestedLocation.swift */,
			);
			path = Classes;
			sourceTree = "<group>";
		};
		286F97C224423AB500BC2DED /* Search */ = {
			isa = PBXGroup;
			children = (
				28C19056244539D5001119E5 /* Views */,
				28A9783724424181007BF823 /* View Models */,
				286F97C524423C2800BC2DED /* SearchViewController.swift */,
				28758A52243FE96E007F6CCA /* SearchTransitionVC.swift */,
			);
			path = Search;
			sourceTree = "<group>";
		};
		286F97C724423F4E00BC2DED /* Models */ = {
			isa = PBXGroup;
			children = (
				28758A4C243FD716007F6CCA /* Restaurant.swift */,
				28C19052244518D8001119E5 /* Hours.swift */,
			);
			path = Models;
			sourceTree = "<group>";
		};
		28758A0E243FD448007F6CCA = {
			isa = PBXGroup;
			children = (
				28960E7224412CA8006F0AB6 /* CurlCommands.sh */,
				28758A19243FD448007F6CCA /* HungryNow */,
				28758A2E243FD449007F6CCA /* HungryNowTests */,
				28758A39243FD449007F6CCA /* HungryNowUITests */,
				28758A18243FD448007F6CCA /* Products */,
				122A04699A0949D2E2EBF6AA /* Pods */,
				37F5DDA6791788BD35D1CB5E /* Frameworks */,
			);
			sourceTree = "<group>";
		};
		28758A18243FD448007F6CCA /* Products */ = {
			isa = PBXGroup;
			children = (
				28758A17243FD448007F6CCA /* HungryNow.app */,
				28758A2B243FD449007F6CCA /* HungryNowTests.xctest */,
				28758A36243FD449007F6CCA /* HungryNowUITests.xctest */,
			);
			name = Products;
			sourceTree = "<group>";
		};
		28758A19243FD448007F6CCA /* HungryNow */ = {
			isa = PBXGroup;
			children = (
				284C39D1246348920024EE3B /* Chivo-Regular.otf */,
				28758A1A243FD448007F6CCA /* AppDelegate.swift */,
				28A9783C24426703007BF823 /* Helpers */,
				289FEFED245B2F5E00A9EC41 /* Stories */,
				28758A54243FF09B007F6CCA /* Storyboards */,
				28758A21243FD449007F6CCA /* Assets.xcassets */,
				28758A23243FD449007F6CCA /* LaunchScreen.storyboard */,
				28758A26243FD449007F6CCA /* Info.plist */,
			);
			path = HungryNow;
			sourceTree = "<group>";
		};
		28758A2E243FD449007F6CCA /* HungryNowTests */ = {
			isa = PBXGroup;
			children = (
				28758A31243FD449007F6CCA /* Info.plist */,
				282E4E6C24462A9700901D1B /* HungryNowTests.swift */,
				282E4E6E24464F5600901D1B /* YelpAPITests.swift */,
				28DB62BA244B63FC0051371A /* NotificationTests.swift */,
				282E4E6B24462A9700901D1B /* HungryNowTests-Bridging-Header.h */,
			);
			path = HungryNowTests;
			sourceTree = "<group>";
		};
		28758A39243FD449007F6CCA /* HungryNowUITests */ = {
			isa = PBXGroup;
			children = (
				28758A3A243FD449007F6CCA /* HungryNowUITests.swift */,
				28758A3C243FD449007F6CCA /* Info.plist */,
			);
			path = HungryNowUITests;
			sourceTree = "<group>";
		};
		28758A49243FD52B007F6CCA /* YelpAPIClient */ = {
			isa = PBXGroup;
			children = (
				286F97C724423F4E00BC2DED /* Models */,
				284A1F93246A11D400741E8A /* YelpAPIBootstrap.swift */,
				28758A4A243FD53A007F6CCA /* YelpAPI.swift */,
				28758A4E243FDDDC007F6CCA /* YelpAPIErrors.swift */,
			);
			path = YelpAPIClient;
			sourceTree = "<group>";
		};
		28758A54243FF09B007F6CCA /* Storyboards */ = {
			isa = PBXGroup;
			children = (
				28758A1E243FD448007F6CCA /* Main.storyboard */,
				28758A55243FF0BB007F6CCA /* Search.storyboard */,
				28758A57243FF0CE007F6CCA /* Tutorial.storyboard */,
			);
			path = Storyboards;
			sourceTree = "<group>";
		};
		28758A59243FF422007F6CCA /* Views */ = {
			isa = PBXGroup;
			children = (
				282E4E702446604C00901D1B /* DurationPickerView.swift */,
				28C1E4CA245BB5BA001A10EE /* LoadingView.swift */,
			);
			path = Views;
			sourceTree = "<group>";
		};
		28860288246E517100047626 /* Tutorial */ = {
			isa = PBXGroup;
			children = (
				2886028B246E527600047626 /* Views */,
			);
			path = Tutorial;
			sourceTree = "<group>";
		};
		2886028B246E527600047626 /* Views */ = {
			isa = PBXGroup;
			children = (
				28860289246E518600047626 /* TutorialView.swift */,
				2886028C246E528500047626 /* PageView.swift */,
			);
			path = Views;
			sourceTree = "<group>";
		};
		289FEFED245B2F5E00A9EC41 /* Stories */ = {
			isa = PBXGroup;
			children = (
				28FE532F2464FCFA007E8338 /* Components */,
				28860288246E517100047626 /* Tutorial */,
				2854EA6C244B974400ADC239 /* Saved Restaurant */,
				286F97C224423AB500BC2DED /* Search */,
				286933B4246890D300B34683 /* Map */,
			);
			path = Stories;
			sourceTree = "<group>";
		};
		28A9783724424181007BF823 /* View Models */ = {
			isa = PBXGroup;
			children = (
				28A97838244241A5007BF823 /* RestaurantListViewModel.swift */,
			);
			path = "View Models";
			sourceTree = "<group>";
		};
		28A9783C24426703007BF823 /* Helpers */ = {
			isa = PBXGroup;
			children = (
				2833D6DF24553E3200B4207C /* Notifications */,
				283CCC2E244FDBA700EDF9E3 /* CoreData */,
				28758A59243FF422007F6CCA /* Views */,
				28242B8F244D3FA100EB109B /* ImageWidget */,
				28758A49243FD52B007F6CCA /* YelpAPIClient */,
				28A9783F24427319007BF823 /* LocationManager.swift */,
				2833D6DD2455107300B4207C /* HungryNowManager.swift */,
				28A9783A24424FEA007BF823 /* SearchBar.swift */,
				28130814246719320057B9A6 /* CustomFont.swift */,
				2832997A246E5B0F00C40C1D /* UIWindowExtension.swift */,
			);
			path = Helpers;
			sourceTree = "<group>";
		};
		28C19056244539D5001119E5 /* Views */ = {
			isa = PBXGroup;
			children = (
				286F97C324423AFB00BC2DED /* SearchView.swift */,
				28C190502444FB6E001119E5 /* SearchAddView.swift */,
			);
			path = Views;
			sourceTree = "<group>";
		};
		28ED212224690C1F00511692 /* ViewModels */ = {
			isa = PBXGroup;
			children = (
				28242B8D244D2AE400EB109B /* SavedRestaurantViewModel.swift */,
			);
			path = ViewModels;
			sourceTree = "<group>";
		};
		28FE532F2464FCFA007E8338 /* Components */ = {
			isa = PBXGroup;
			children = (
				285DBA7324648F84009DEA66 /* Buttons.swift */,
				28FE53302464FD1C007E8338 /* AddNotificationView.swift */,
				28262CC22466541B0092F365 /* RestaurantRow.swift */,
				289FEFEE245B2F8500A9EC41 /* Alerts.swift */,
				2813081624672A2E0057B9A6 /* PopSheet.swift */,
				2820B228246A5B0F009A6796 /* YelpLogo.swift */,
			);
			path = Components;
			sourceTree = "<group>";
		};
		37F5DDA6791788BD35D1CB5E /* Frameworks */ = {
			isa = PBXGroup;
			children = (
				4721BAD3E589F894BA51B91A /* libPods-HungryNow.a */,
				D9CE0D0513F51A654632A8B2 /* libPods-HungryNowTests.a */,
				16BC6CACA844B74B8BE3A28D /* libPods-HungryNowUITests.a */,
			);
			name = Frameworks;
			sourceTree = "<group>";
		};
/* End PBXGroup section */

/* Begin PBXNativeTarget section */
		28758A16243FD448007F6CCA /* HungryNow */ = {
			isa = PBXNativeTarget;
			buildConfigurationList = 28758A3F243FD449007F6CCA /* Build configuration list for PBXNativeTarget "HungryNow" */;
			buildPhases = (
				C97C20A207D3EF3B2C6C7B73 /* [CP] Check Pods Manifest.lock */,
				28758A13243FD448007F6CCA /* Sources */,
				28758A14243FD448007F6CCA /* Frameworks */,
				28758A15243FD448007F6CCA /* Resources */,
			);
			buildRules = (
			);
			dependencies = (
			);
			name = HungryNow;
			productName = HungryNow;
			productReference = 28758A17243FD448007F6CCA /* HungryNow.app */;
			productType = "com.apple.product-type.application";
		};
		28758A2A243FD449007F6CCA /* HungryNowTests */ = {
			isa = PBXNativeTarget;
			buildConfigurationList = 28758A42243FD449007F6CCA /* Build configuration list for PBXNativeTarget "HungryNowTests" */;
			buildPhases = (
				FE71E01C62BF814A98F1E96D /* [CP] Check Pods Manifest.lock */,
				28758A27243FD449007F6CCA /* Sources */,
				28758A28243FD449007F6CCA /* Frameworks */,
				28758A29243FD449007F6CCA /* Resources */,
			);
			buildRules = (
			);
			dependencies = (
				28758A2D243FD449007F6CCA /* PBXTargetDependency */,
			);
			name = HungryNowTests;
			productName = HungryNowTests;
			productReference = 28758A2B243FD449007F6CCA /* HungryNowTests.xctest */;
			productType = "com.apple.product-type.bundle.unit-test";
		};
		28758A35243FD449007F6CCA /* HungryNowUITests */ = {
			isa = PBXNativeTarget;
			buildConfigurationList = 28758A45243FD449007F6CCA /* Build configuration list for PBXNativeTarget "HungryNowUITests" */;
			buildPhases = (
				6102A9936C202475E942AA1A /* [CP] Check Pods Manifest.lock */,
				28758A32243FD449007F6CCA /* Sources */,
				28758A33243FD449007F6CCA /* Frameworks */,
				28758A34243FD449007F6CCA /* Resources */,
			);
			buildRules = (
			);
			dependencies = (
				28758A38243FD449007F6CCA /* PBXTargetDependency */,
			);
			name = HungryNowUITests;
			productName = HungryNowUITests;
			productReference = 28758A36243FD449007F6CCA /* HungryNowUITests.xctest */;
			productType = "com.apple.product-type.bundle.ui-testing";
		};
/* End PBXNativeTarget section */

/* Begin PBXProject section */
		28758A0F243FD448007F6CCA /* Project object */ = {
			isa = PBXProject;
			attributes = {
				LastSwiftUpdateCheck = 1030;
				LastUpgradeCheck = 1030;
				ORGANIZATIONNAME = "Henry Vuong";
				TargetAttributes = {
					28758A16243FD448007F6CCA = {
						CreatedOnToolsVersion = 10.3;
					};
					28758A2A243FD449007F6CCA = {
						CreatedOnToolsVersion = 10.3;
						LastSwiftMigration = 1140;
						TestTargetID = 28758A16243FD448007F6CCA;
					};
					28758A35243FD449007F6CCA = {
						CreatedOnToolsVersion = 10.3;
						TestTargetID = 28758A16243FD448007F6CCA;
					};
				};
			};
			buildConfigurationList = 28758A12243FD448007F6CCA /* Build configuration list for PBXProject "HungryNow" */;
			compatibilityVersion = "Xcode 9.3";
			developmentRegion = en;
			hasScannedForEncodings = 0;
			knownRegions = (
				en,
				Base,
			);
			mainGroup = 28758A0E243FD448007F6CCA;
			productRefGroup = 28758A18243FD448007F6CCA /* Products */;
			projectDirPath = "";
			projectRoot = "";
			targets = (
				28758A16243FD448007F6CCA /* HungryNow */,
				28758A2A243FD449007F6CCA /* HungryNowTests */,
				28758A35243FD449007F6CCA /* HungryNowUITests */,
			);
		};
/* End PBXProject section */

/* Begin PBXResourcesBuildPhase section */
		28758A15243FD448007F6CCA /* Resources */ = {
			isa = PBXResourcesBuildPhase;
			buildActionMask = 2147483647;
			files = (
				28758A58243FF0CE007F6CCA /* Tutorial.storyboard in Resources */,
				28758A25243FD449007F6CCA /* LaunchScreen.storyboard in Resources */,
				284C39D2246348920024EE3B /* Chivo-Regular.otf in Resources */,
				28758A22243FD449007F6CCA /* Assets.xcassets in Resources */,
				28758A56243FF0BB007F6CCA /* Search.storyboard in Resources */,
				28758A20243FD448007F6CCA /* Main.storyboard in Resources */,
			);
			runOnlyForDeploymentPostprocessing = 0;
		};
		28758A29243FD449007F6CCA /* Resources */ = {
			isa = PBXResourcesBuildPhase;
			buildActionMask = 2147483647;
			files = (
			);
			runOnlyForDeploymentPostprocessing = 0;
		};
		28758A34243FD449007F6CCA /* Resources */ = {
			isa = PBXResourcesBuildPhase;
			buildActionMask = 2147483647;
			files = (
			);
			runOnlyForDeploymentPostprocessing = 0;
		};
/* End PBXResourcesBuildPhase section */

/* Begin PBXShellScriptBuildPhase section */
		6102A9936C202475E942AA1A /* [CP] Check Pods Manifest.lock */ = {
			isa = PBXShellScriptBuildPhase;
			buildActionMask = 2147483647;
			files = (
			);
			inputFileListPaths = (
			);
			inputPaths = (
				"${PODS_PODFILE_DIR_PATH}/Podfile.lock",
				"${PODS_ROOT}/Manifest.lock",
			);
			name = "[CP] Check Pods Manifest.lock";
			outputFileListPaths = (
			);
			outputPaths = (
				"$(DERIVED_FILE_DIR)/Pods-HungryNowUITests-checkManifestLockResult.txt",
			);
			runOnlyForDeploymentPostprocessing = 0;
			shellPath = /bin/sh;
			shellScript = "diff \"${PODS_PODFILE_DIR_PATH}/Podfile.lock\" \"${PODS_ROOT}/Manifest.lock\" > /dev/null\nif [ $? != 0 ] ; then\n    # print error to STDERR\n    echo \"error: The sandbox is not in sync with the Podfile.lock. Run 'pod install' or update your CocoaPods installation.\" >&2\n    exit 1\nfi\n# This output is used by Xcode 'outputs' to avoid re-running this script phase.\necho \"SUCCESS\" > \"${SCRIPT_OUTPUT_FILE_0}\"\n";
			showEnvVarsInLog = 0;
		};
		C97C20A207D3EF3B2C6C7B73 /* [CP] Check Pods Manifest.lock */ = {
			isa = PBXShellScriptBuildPhase;
			buildActionMask = 2147483647;
			files = (
			);
			inputFileListPaths = (
			);
			inputPaths = (
				"${PODS_PODFILE_DIR_PATH}/Podfile.lock",
				"${PODS_ROOT}/Manifest.lock",
			);
			name = "[CP] Check Pods Manifest.lock";
			outputFileListPaths = (
			);
			outputPaths = (
				"$(DERIVED_FILE_DIR)/Pods-HungryNow-checkManifestLockResult.txt",
			);
			runOnlyForDeploymentPostprocessing = 0;
			shellPath = /bin/sh;
			shellScript = "diff \"${PODS_PODFILE_DIR_PATH}/Podfile.lock\" \"${PODS_ROOT}/Manifest.lock\" > /dev/null\nif [ $? != 0 ] ; then\n    # print error to STDERR\n    echo \"error: The sandbox is not in sync with the Podfile.lock. Run 'pod install' or update your CocoaPods installation.\" >&2\n    exit 1\nfi\n# This output is used by Xcode 'outputs' to avoid re-running this script phase.\necho \"SUCCESS\" > \"${SCRIPT_OUTPUT_FILE_0}\"\n";
			showEnvVarsInLog = 0;
		};
		FE71E01C62BF814A98F1E96D /* [CP] Check Pods Manifest.lock */ = {
			isa = PBXShellScriptBuildPhase;
			buildActionMask = 2147483647;
			files = (
			);
			inputFileListPaths = (
			);
			inputPaths = (
				"${PODS_PODFILE_DIR_PATH}/Podfile.lock",
				"${PODS_ROOT}/Manifest.lock",
			);
			name = "[CP] Check Pods Manifest.lock";
			outputFileListPaths = (
			);
			outputPaths = (
				"$(DERIVED_FILE_DIR)/Pods-HungryNowTests-checkManifestLockResult.txt",
			);
			runOnlyForDeploymentPostprocessing = 0;
			shellPath = /bin/sh;
			shellScript = "diff \"${PODS_PODFILE_DIR_PATH}/Podfile.lock\" \"${PODS_ROOT}/Manifest.lock\" > /dev/null\nif [ $? != 0 ] ; then\n    # print error to STDERR\n    echo \"error: The sandbox is not in sync with the Podfile.lock. Run 'pod install' or update your CocoaPods installation.\" >&2\n    exit 1\nfi\n# This output is used by Xcode 'outputs' to avoid re-running this script phase.\necho \"SUCCESS\" > \"${SCRIPT_OUTPUT_FILE_0}\"\n";
			showEnvVarsInLog = 0;
		};
/* End PBXShellScriptBuildPhase section */

/* Begin PBXSourcesBuildPhase section */
		28758A13243FD448007F6CCA /* Sources */ = {
			isa = PBXSourcesBuildPhase;
			buildActionMask = 2147483647;
			files = (
				28130815246719320057B9A6 /* CustomFont.swift in Sources */,
				28ED211F2468EC0C00511692 /* MapViewController.swift in Sources */,
				2813081724672A2E0057B9A6 /* PopSheet.swift in Sources */,
				2854EA75244BE87B00ADC239 /* SavedRestaurant.xcdatamodeld in Sources */,
				28A9783B24424FEA007BF823 /* SearchBar.swift in Sources */,
				2832997B246E5B0F00C40C1D /* UIWindowExtension.swift in Sources */,
				28C190512444FB6E001119E5 /* SearchAddView.swift in Sources */,
				282E4E712446604C00901D1B /* DurationPickerView.swift in Sources */,
				286F97C424423AFB00BC2DED /* SearchView.swift in Sources */,
				2833D6DC24550F1200B4207C /* SavedDetailAddView.swift in Sources */,
				28A9784024427319007BF823 /* LocationManager.swift in Sources */,
				2886028D246E528500047626 /* PageView.swift in Sources */,
				2833D6E324553E5700B4207C /* Notifications.swift in Sources */,
				28A97839244241A5007BF823 /* RestaurantListViewModel.swift in Sources */,
				2833D6E124553E4A00B4207C /* NotificationErrors.swift in Sources */,
				28758A1D243FD448007F6CCA /* SavedVC.swift in Sources */,
				2886028A246E518600047626 /* TutorialView.swift in Sources */,
				289FEFEF245B2F8500A9EC41 /* Alerts.swift in Sources */,
				286F97C624423C2800BC2DED /* SearchViewController.swift in Sources */,
				2833D6DE2455107300B4207C /* HungryNowManager.swift in Sources */,
				280C3D0C246A443800887B0A /* MapView.swift in Sources */,
				28C19053244518D8001119E5 /* Hours.swift in Sources */,
				284A1F94246A11D400741E8A /* YelpAPIBootstrap.swift in Sources */,
				28242B8E244D2AE400EB109B /* SavedRestaurantViewModel.swift in Sources */,
				28758A53243FE96E007F6CCA /* SearchTransitionVC.swift in Sources */,
				2874D501244D0264004DC4B7 /* CoreDataManager.swift in Sources */,
				285DBA7424648F84009DEA66 /* Buttons.swift in Sources */,
				28758A4F243FDDDC007F6CCA /* YelpAPIErrors.swift in Sources */,
				28262CC32466541B0092F365 /* RestaurantRow.swift in Sources */,
				2880EBE22447AA7A000BBA4F /* NotificationManager.swift in Sources */,
				28A9784424429FDB007BF823 /* ImageLoader.swift in Sources */,
				28FE53312464FD1C007E8338 /* AddNotificationView.swift in Sources */,
				28BC88DA2469B63F0081C227 /* ContestedLocation.swift in Sources */,
				28758A4D243FD716007F6CCA /* Restaurant.swift in Sources */,
				286933B624689A0100B34683 /* RestaurantAnnotation.swift in Sources */,
				284C39CA24632EC10024EE3B /* SavedViewButtons.swift in Sources */,
				2820B229246A5B0F009A6796 /* YelpLogo.swift in Sources */,
				28C1E4CB245BB5BA001A10EE /* LoadingView.swift in Sources */,
				282CBAB3245265F300C35F4A /* SavedDetailView.swift in Sources */,
				284C39C724632DD60024EE3B /* ViewExtension.swift in Sources */,
				28758A4B243FD53A007F6CCA /* YelpAPI.swift in Sources */,
				2820716F2443CA5900174DEF /* ImageWidgetView.swift in Sources */,
				2854EA6E244B975900ADC239 /* SavedView.swift in Sources */,
				28758A1B243FD448007F6CCA /* AppDelegate.swift in Sources */,
			);
			runOnlyForDeploymentPostprocessing = 0;
		};
		28758A27243FD449007F6CCA /* Sources */ = {
			isa = PBXSourcesBuildPhase;
			buildActionMask = 2147483647;
			files = (
				282E4E6F24464F5600901D1B /* YelpAPITests.swift in Sources */,
				28DB62BB244B63FC0051371A /* NotificationTests.swift in Sources */,
				282E4E6D24462A9700901D1B /* HungryNowTests.swift in Sources */,
			);
			runOnlyForDeploymentPostprocessing = 0;
		};
		28758A32243FD449007F6CCA /* Sources */ = {
			isa = PBXSourcesBuildPhase;
			buildActionMask = 2147483647;
			files = (
				28758A3B243FD449007F6CCA /* HungryNowUITests.swift in Sources */,
			);
			runOnlyForDeploymentPostprocessing = 0;
		};
/* End PBXSourcesBuildPhase section */

/* Begin PBXTargetDependency section */
		28758A2D243FD449007F6CCA /* PBXTargetDependency */ = {
			isa = PBXTargetDependency;
			target = 28758A16243FD448007F6CCA /* HungryNow */;
			targetProxy = 28758A2C243FD449007F6CCA /* PBXContainerItemProxy */;
		};
		28758A38243FD449007F6CCA /* PBXTargetDependency */ = {
			isa = PBXTargetDependency;
			target = 28758A16243FD448007F6CCA /* HungryNow */;
			targetProxy = 28758A37243FD449007F6CCA /* PBXContainerItemProxy */;
		};
/* End PBXTargetDependency section */

/* Begin PBXVariantGroup section */
		28758A1E243FD448007F6CCA /* Main.storyboard */ = {
			isa = PBXVariantGroup;
			children = (
				28758A1F243FD448007F6CCA /* Base */,
			);
			name = Main.storyboard;
			sourceTree = "<group>";
		};
		28758A23243FD449007F6CCA /* LaunchScreen.storyboard */ = {
			isa = PBXVariantGroup;
			children = (
				28758A24243FD449007F6CCA /* Base */,
			);
			name = LaunchScreen.storyboard;
			sourceTree = "<group>";
		};
/* End PBXVariantGroup section */

/* Begin XCBuildConfiguration section */
		28758A3D243FD449007F6CCA /* Debug */ = {
			isa = XCBuildConfiguration;
			buildSettings = {
				ALWAYS_SEARCH_USER_PATHS = NO;
				CLANG_ANALYZER_NONNULL = YES;
				CLANG_ANALYZER_NUMBER_OBJECT_CONVERSION = YES_AGGRESSIVE;
				CLANG_CXX_LANGUAGE_STANDARD = "gnu++14";
				CLANG_CXX_LIBRARY = "libc++";
				CLANG_ENABLE_MODULES = YES;
				CLANG_ENABLE_OBJC_ARC = YES;
				CLANG_ENABLE_OBJC_WEAK = YES;
				CLANG_WARN_BLOCK_CAPTURE_AUTORELEASING = YES;
				CLANG_WARN_BOOL_CONVERSION = YES;
				CLANG_WARN_COMMA = YES;
				CLANG_WARN_CONSTANT_CONVERSION = YES;
				CLANG_WARN_DEPRECATED_OBJC_IMPLEMENTATIONS = YES;
				CLANG_WARN_DIRECT_OBJC_ISA_USAGE = YES_ERROR;
				CLANG_WARN_DOCUMENTATION_COMMENTS = YES;
				CLANG_WARN_EMPTY_BODY = YES;
				CLANG_WARN_ENUM_CONVERSION = YES;
				CLANG_WARN_INFINITE_RECURSION = YES;
				CLANG_WARN_INT_CONVERSION = YES;
				CLANG_WARN_NON_LITERAL_NULL_CONVERSION = YES;
				CLANG_WARN_OBJC_IMPLICIT_RETAIN_SELF = YES;
				CLANG_WARN_OBJC_LITERAL_CONVERSION = YES;
				CLANG_WARN_OBJC_ROOT_CLASS = YES_ERROR;
				CLANG_WARN_RANGE_LOOP_ANALYSIS = YES;
				CLANG_WARN_STRICT_PROTOTYPES = YES;
				CLANG_WARN_SUSPICIOUS_MOVE = YES;
				CLANG_WARN_UNGUARDED_AVAILABILITY = YES_AGGRESSIVE;
				CLANG_WARN_UNREACHABLE_CODE = YES;
				CLANG_WARN__DUPLICATE_METHOD_MATCH = YES;
				CODE_SIGN_IDENTITY = "iPhone Developer";
				COPY_PHASE_STRIP = NO;
				DEBUG_INFORMATION_FORMAT = dwarf;
				ENABLE_STRICT_OBJC_MSGSEND = YES;
				ENABLE_TESTABILITY = YES;
				GCC_C_LANGUAGE_STANDARD = gnu11;
				GCC_DYNAMIC_NO_PIC = NO;
				GCC_NO_COMMON_BLOCKS = YES;
				GCC_OPTIMIZATION_LEVEL = 0;
				GCC_PREPROCESSOR_DEFINITIONS = (
					"DEBUG=1",
					"$(inherited)",
				);
				GCC_WARN_64_TO_32_BIT_CONVERSION = YES;
				GCC_WARN_ABOUT_RETURN_TYPE = YES_ERROR;
				GCC_WARN_UNDECLARED_SELECTOR = YES;
				GCC_WARN_UNINITIALIZED_AUTOS = YES_AGGRESSIVE;
				GCC_WARN_UNUSED_FUNCTION = YES;
				GCC_WARN_UNUSED_VARIABLE = YES;
				IPHONEOS_DEPLOYMENT_TARGET = 13.0;
				MTL_ENABLE_DEBUG_INFO = INCLUDE_SOURCE;
				MTL_FAST_MATH = YES;
				ONLY_ACTIVE_ARCH = YES;
				SDKROOT = iphoneos;
				SWIFT_ACTIVE_COMPILATION_CONDITIONS = DEBUG;
				SWIFT_OPTIMIZATION_LEVEL = "-Onone";
			};
			name = Debug;
		};
		28758A3E243FD449007F6CCA /* Release */ = {
			isa = XCBuildConfiguration;
			buildSettings = {
				ALWAYS_SEARCH_USER_PATHS = NO;
				CLANG_ANALYZER_NONNULL = YES;
				CLANG_ANALYZER_NUMBER_OBJECT_CONVERSION = YES_AGGRESSIVE;
				CLANG_CXX_LANGUAGE_STANDARD = "gnu++14";
				CLANG_CXX_LIBRARY = "libc++";
				CLANG_ENABLE_MODULES = YES;
				CLANG_ENABLE_OBJC_ARC = YES;
				CLANG_ENABLE_OBJC_WEAK = YES;
				CLANG_WARN_BLOCK_CAPTURE_AUTORELEASING = YES;
				CLANG_WARN_BOOL_CONVERSION = YES;
				CLANG_WARN_COMMA = YES;
				CLANG_WARN_CONSTANT_CONVERSION = YES;
				CLANG_WARN_DEPRECATED_OBJC_IMPLEMENTATIONS = YES;
				CLANG_WARN_DIRECT_OBJC_ISA_USAGE = YES_ERROR;
				CLANG_WARN_DOCUMENTATION_COMMENTS = YES;
				CLANG_WARN_EMPTY_BODY = YES;
				CLANG_WARN_ENUM_CONVERSION = YES;
				CLANG_WARN_INFINITE_RECURSION = YES;
				CLANG_WARN_INT_CONVERSION = YES;
				CLANG_WARN_NON_LITERAL_NULL_CONVERSION = YES;
				CLANG_WARN_OBJC_IMPLICIT_RETAIN_SELF = YES;
				CLANG_WARN_OBJC_LITERAL_CONVERSION = YES;
				CLANG_WARN_OBJC_ROOT_CLASS = YES_ERROR;
				CLANG_WARN_RANGE_LOOP_ANALYSIS = YES;
				CLANG_WARN_STRICT_PROTOTYPES = YES;
				CLANG_WARN_SUSPICIOUS_MOVE = YES;
				CLANG_WARN_UNGUARDED_AVAILABILITY = YES_AGGRESSIVE;
				CLANG_WARN_UNREACHABLE_CODE = YES;
				CLANG_WARN__DUPLICATE_METHOD_MATCH = YES;
				CODE_SIGN_IDENTITY = "iPhone Developer";
				COPY_PHASE_STRIP = NO;
				DEBUG_INFORMATION_FORMAT = "dwarf-with-dsym";
				ENABLE_NS_ASSERTIONS = NO;
				ENABLE_STRICT_OBJC_MSGSEND = YES;
				ENABLE_TESTABILITY = YES;
				GCC_C_LANGUAGE_STANDARD = gnu11;
				GCC_NO_COMMON_BLOCKS = YES;
				GCC_WARN_64_TO_32_BIT_CONVERSION = YES;
				GCC_WARN_ABOUT_RETURN_TYPE = YES_ERROR;
				GCC_WARN_UNDECLARED_SELECTOR = YES;
				GCC_WARN_UNINITIALIZED_AUTOS = YES_AGGRESSIVE;
				GCC_WARN_UNUSED_FUNCTION = YES;
				GCC_WARN_UNUSED_VARIABLE = YES;
				IPHONEOS_DEPLOYMENT_TARGET = 13.0;
				MTL_ENABLE_DEBUG_INFO = NO;
				MTL_FAST_MATH = YES;
				SDKROOT = iphoneos;
				SWIFT_COMPILATION_MODE = wholemodule;
				SWIFT_OPTIMIZATION_LEVEL = "-O";
				VALIDATE_PRODUCT = YES;
			};
			name = Release;
		};
		28758A40243FD449007F6CCA /* Debug */ = {
			isa = XCBuildConfiguration;
			baseConfigurationReference = 3D9BD93922F087EEC69A8349 /* Pods-HungryNow.debug.xcconfig */;
			buildSettings = {
				ASSETCATALOG_COMPILER_APPICON_NAME = AppIcon;
				CODE_SIGN_STYLE = Automatic;
				DEVELOPMENT_TEAM = 7QGL9K8S8C;
				INFOPLIST_FILE = HungryNow/Info.plist;
				IPHONEOS_DEPLOYMENT_TARGET = 13.0;
				LD_RUNPATH_SEARCH_PATHS = (
					"$(inherited)",
					"@executable_path/Frameworks",
				);
				MARKETING_VERSION = 1.5;
				PRODUCT_BUNDLE_IDENTIFIER = hungrynow.hungrynow;
				PRODUCT_NAME = "$(TARGET_NAME)";
				SWIFT_VERSION = 5.0;
				TARGETED_DEVICE_FAMILY = 1;
			};
			name = Debug;
		};
		28758A41243FD449007F6CCA /* Release */ = {
			isa = XCBuildConfiguration;
			baseConfigurationReference = CC0F0B53D72105CD577D82FE /* Pods-HungryNow.release.xcconfig */;
			buildSettings = {
				ASSETCATALOG_COMPILER_APPICON_NAME = AppIcon;
				CODE_SIGN_STYLE = Automatic;
				DEVELOPMENT_TEAM = 7QGL9K8S8C;
				INFOPLIST_FILE = HungryNow/Info.plist;
				IPHONEOS_DEPLOYMENT_TARGET = 13.0;
				LD_RUNPATH_SEARCH_PATHS = (
					"$(inherited)",
					"@executable_path/Frameworks",
				);
				MARKETING_VERSION = 1.5;
				PRODUCT_BUNDLE_IDENTIFIER = hungrynow.hungrynow;
				PRODUCT_NAME = "$(TARGET_NAME)";
				SWIFT_VERSION = 5.0;
				TARGETED_DEVICE_FAMILY = 1;
			};
			name = Release;
		};
		28758A43243FD449007F6CCA /* Debug */ = {
			isa = XCBuildConfiguration;
			baseConfigurationReference = 5B76F9046C173A889AE97D99 /* Pods-HungryNowTests.debug.xcconfig */;
			buildSettings = {
				ALWAYS_EMBED_SWIFT_STANDARD_LIBRARIES = YES;
				BUNDLE_LOADER = "$(TEST_HOST)";
				CLANG_ENABLE_MODULES = YES;
				CODE_SIGN_STYLE = Automatic;
				DEVELOPMENT_TEAM = V786S5U359;
				INFOPLIST_FILE = HungryNowTests/Info.plist;
				LD_RUNPATH_SEARCH_PATHS = (
					"$(inherited)",
					"@executable_path/Frameworks",
					"@loader_path/Frameworks",
				);
				PRODUCT_BUNDLE_IDENTIFIER = HungryNow.HungryNowTests;
				PRODUCT_NAME = "$(TARGET_NAME)";
				SWIFT_OBJC_BRIDGING_HEADER = "HungryNowTests/HungryNowTests-Bridging-Header.h";
				SWIFT_OPTIMIZATION_LEVEL = "-Onone";
				SWIFT_VERSION = 5.0;
				TARGETED_DEVICE_FAMILY = "1,2";
				TEST_HOST = "$(BUILT_PRODUCTS_DIR)/HungryNow.app/HungryNow";
			};
			name = Debug;
		};
		28758A44243FD449007F6CCA /* Release */ = {
			isa = XCBuildConfiguration;
			baseConfigurationReference = B8EE94CE9C206F0F8C825F35 /* Pods-HungryNowTests.release.xcconfig */;
			buildSettings = {
				ALWAYS_EMBED_SWIFT_STANDARD_LIBRARIES = YES;
				BUNDLE_LOADER = "$(TEST_HOST)";
				CLANG_ENABLE_MODULES = YES;
				CODE_SIGN_STYLE = Automatic;
				DEVELOPMENT_TEAM = V786S5U359;
				INFOPLIST_FILE = HungryNowTests/Info.plist;
				LD_RUNPATH_SEARCH_PATHS = (
					"$(inherited)",
					"@executable_path/Frameworks",
					"@loader_path/Frameworks",
				);
				PRODUCT_BUNDLE_IDENTIFIER = HungryNow.HungryNowTests;
				PRODUCT_NAME = "$(TARGET_NAME)";
				SWIFT_OBJC_BRIDGING_HEADER = "HungryNowTests/HungryNowTests-Bridging-Header.h";
				SWIFT_VERSION = 5.0;
				TARGETED_DEVICE_FAMILY = "1,2";
				TEST_HOST = "$(BUILT_PRODUCTS_DIR)/HungryNow.app/HungryNow";
			};
			name = Release;
		};
		28758A46243FD449007F6CCA /* Debug */ = {
			isa = XCBuildConfiguration;
			baseConfigurationReference = 9B738717C9A1EFB42C17FEDB /* Pods-HungryNowUITests.debug.xcconfig */;
			buildSettings = {
				ALWAYS_EMBED_SWIFT_STANDARD_LIBRARIES = YES;
				CODE_SIGN_STYLE = Automatic;
				DEVELOPMENT_TEAM = V786S5U359;
				INFOPLIST_FILE = HungryNowUITests/Info.plist;
				LD_RUNPATH_SEARCH_PATHS = (
					"$(inherited)",
					"@executable_path/Frameworks",
					"@loader_path/Frameworks",
				);
				PRODUCT_BUNDLE_IDENTIFIER = HungryNow.HungryNowUITests;
				PRODUCT_NAME = "$(TARGET_NAME)";
				SWIFT_VERSION = 5.0;
				TARGETED_DEVICE_FAMILY = "1,2";
				TEST_TARGET_NAME = HungryNow;
			};
			name = Debug;
		};
		28758A47243FD449007F6CCA /* Release */ = {
			isa = XCBuildConfiguration;
			baseConfigurationReference = 188184C43F39B9A27C556E70 /* Pods-HungryNowUITests.release.xcconfig */;
			buildSettings = {
				ALWAYS_EMBED_SWIFT_STANDARD_LIBRARIES = YES;
				CODE_SIGN_STYLE = Automatic;
				DEVELOPMENT_TEAM = V786S5U359;
				INFOPLIST_FILE = HungryNowUITests/Info.plist;
				LD_RUNPATH_SEARCH_PATHS = (
					"$(inherited)",
					"@executable_path/Frameworks",
					"@loader_path/Frameworks",
				);
				PRODUCT_BUNDLE_IDENTIFIER = HungryNow.HungryNowUITests;
				PRODUCT_NAME = "$(TARGET_NAME)";
				SWIFT_VERSION = 5.0;
				TARGETED_DEVICE_FAMILY = "1,2";
				TEST_TARGET_NAME = HungryNow;
			};
			name = Release;
		};
/* End XCBuildConfiguration section */

/* Begin XCConfigurationList section */
		28758A12243FD448007F6CCA /* Build configuration list for PBXProject "HungryNow" */ = {
			isa = XCConfigurationList;
			buildConfigurations = (
				28758A3D243FD449007F6CCA /* Debug */,
				28758A3E243FD449007F6CCA /* Release */,
			);
			defaultConfigurationIsVisible = 0;
			defaultConfigurationName = Release;
		};
		28758A3F243FD449007F6CCA /* Build configuration list for PBXNativeTarget "HungryNow" */ = {
			isa = XCConfigurationList;
			buildConfigurations = (
				28758A40243FD449007F6CCA /* Debug */,
				28758A41243FD449007F6CCA /* Release */,
			);
			defaultConfigurationIsVisible = 0;
			defaultConfigurationName = Release;
		};
		28758A42243FD449007F6CCA /* Build configuration list for PBXNativeTarget "HungryNowTests" */ = {
			isa = XCConfigurationList;
			buildConfigurations = (
				28758A43243FD449007F6CCA /* Debug */,
				28758A44243FD449007F6CCA /* Release */,
			);
			defaultConfigurationIsVisible = 0;
			defaultConfigurationName = Release;
		};
		28758A45243FD449007F6CCA /* Build configuration list for PBXNativeTarget "HungryNowUITests" */ = {
			isa = XCConfigurationList;
			buildConfigurations = (
				28758A46243FD449007F6CCA /* Debug */,
				28758A47243FD449007F6CCA /* Release */,
			);
			defaultConfigurationIsVisible = 0;
			defaultConfigurationName = Release;
		};
/* End XCConfigurationList section */

/* Begin XCVersionGroup section */
		2854EA73244BE87B00ADC239 /* SavedRestaurant.xcdatamodeld */ = {
			isa = XCVersionGroup;
			children = (
				2854EA74244BE87B00ADC239 /* FavoriteRestaurant.xcdatamodel */,
			);
			currentVersion = 2854EA74244BE87B00ADC239 /* FavoriteRestaurant.xcdatamodel */;
			path = SavedRestaurant.xcdatamodeld;
			sourceTree = "<group>";
			versionGroupType = wrapper.xcdatamodel;
		};
/* End XCVersionGroup section */
	};
	rootObject = 28758A0F243FD448007F6CCA /* Project object */;
}
